
Microsoft Visual Studio Solution File, Format Version 12.00
# Visual Studio Version 17
VisualStudioVersion = 17.3.32929.385
MinimumVisualStudioVersion = 10.0.40219.1
Project("{FAE04EC0-301F-11D3-BF4B-00C04F79EFBC}") = "WebApplication1", "WebApplication1\WebApplication1.csproj", "{CF3D1E26-FE2E-4CFB-819A-6806E9FB805A}"
EndProject
Global
	GlobalSection(SolutionConfigurationPlatforms) = preSolution
		Debug|Any CPU = Debug|Any CPU
		Release|Any CPU = Release|Any CPU
	EndGlobalSection
	GlobalSection(ProjectConfigurationPlatforms) = postSolution
		{CF3D1E26-FE2E-4CFB-819A-6806E9FB805A}.Debug|Any CPU.ActiveCfg = Debug|Any CPU
		{CF3D1E26-FE2E-4CFB-819A-6806E9FB805A}.Debug|Any CPU.Build.0 = Debug|Any CPU
		{CF3D1E26-FE2E-4CFB-819A-6806E9FB805A}.Release|Any CPU.ActiveCfg = Release|Any CPU
		{CF3D1E26-FE2E-4CFB-819A-6806E9FB805A}.Release|Any CPU.Build.0 = Release|Any CPU
	EndGlobalSection
	GlobalSection(SolutionProperties) = preSolution
		HideSolutionNode = FALSE
	EndGlobalSection
	GlobalSection(ExtensibilityGlobals) = postSolution
		SolutionGuid = {D656E0F3-A552-4821-A8C7-E405CEF3E5A4}
	EndGlobalSection
EndGlobal
